{
  "name": "proiect pacanele",
  "lockfileVersion": 3,
  "requires": true,
  "packages": {
    "": {
      "dependencies": {
        "pixi": "^0.3.1"
      }
    },
    "node_modules/pixi": {
      "version": "0.3.1",
      "resolved": "https://registry.npmjs.org/pixi/-/pixi-0.3.1.tgz",
      "integrity": "sha512-9ngEid+Zp6WTSnHnfy3+PX/02HXhJ3RMxolpuf7H4e8cKHl9WE3lB059v0O7op55We92ILAssAWSAQHG64cYhQ==",
      "deprecated": "please use the new pixi.js package instead"
    }
  }
}
